
Microsoft Visual Studio Solution File, Format Version 12.00
# Visual Studio Version 17
VisualStudioVersion = 17.12.35527.113
MinimumVisualStudioVersion = 10.0.40219.1
Project("{FAE04EC0-301F-11D3-BF4B-00C04F79EFBC}") = "ProductApi.Application", "ProductApi.Application\ProductApi.Application.csproj", "{F0FCE6C7-302D-48CF-8636-EC17428619BE}"
EndProject
Project("{FAE04EC0-301F-11D3-BF4B-00C04F79EFBC}") = "ProductApi.Domain", "ProductApi.Domain\ProductApi.Domain.csproj", "{4BA842FE-C26B-490A-9B5D-E7F50FF477C9}"
EndProject
Project("{FAE04EC0-301F-11D3-BF4B-00C04F79EFBC}") = "ProductApi.Infrastructure", "ProductApi.Infrastructure\ProductApi.Infrastructure.csproj", "{9CD7BEC1-D67A-4BF4-8460-0D9DC7991D44}"
EndProject
Project("{FAE04EC0-301F-11D3-BF4B-00C04F79EFBC}") = "ProductApi.Presentation", "ProductApi.Presentation\ProductApi.Presentation.csproj", "{44FF134C-0E98-41E1-B573-208BD1348E8B}"
EndProject
Project("{FAE04EC0-301F-11D3-BF4B-00C04F79EFBC}") = "ECommerce.SharedLibrary", "..\DemoECommerce.SharedLibrarySolution\ECommerce.SharedLibrary\ECommerce.SharedLibrary.csproj", "{C68CC2A4-7E4E-43A9-93EE-E71A88F05F31}"
EndProject
Project("{2150E333-8FDC-42A3-9474-1A3956D46DE8}") = "src", "src", "{280DF270-B924-4289-9A75-F21C709A0A3C}"
EndProject
Project("{2150E333-8FDC-42A3-9474-1A3956D46DE8}") = "tests", "tests", "{14FF4057-CD60-481A-B600-10CAF2C353C9}"
EndProject
Project("{FAE04EC0-301F-11D3-BF4B-00C04F79EFBC}") = "UnitTest.ProductApi", "UnitTest.ProductApi\UnitTest.ProductApi.csproj", "{6AC122C3-9884-4653-B151-B3AFF479E46D}"
EndProject
Global
	GlobalSection(SolutionConfigurationPlatforms) = preSolution
		Debug|Any CPU = Debug|Any CPU
		Release|Any CPU = Release|Any CPU
	EndGlobalSection
	GlobalSection(ProjectConfigurationPlatforms) = postSolution
		{F0FCE6C7-302D-48CF-8636-EC17428619BE}.Debug|Any CPU.ActiveCfg = Debug|Any CPU
		{F0FCE6C7-302D-48CF-8636-EC17428619BE}.Debug|Any CPU.Build.0 = Debug|Any CPU
		{F0FCE6C7-302D-48CF-8636-EC17428619BE}.Release|Any CPU.ActiveCfg = Release|Any CPU
		{F0FCE6C7-302D-48CF-8636-EC17428619BE}.Release|Any CPU.Build.0 = Release|Any CPU
		{4BA842FE-C26B-490A-9B5D-E7F50FF477C9}.Debug|Any CPU.ActiveCfg = Debug|Any CPU
		{4BA842FE-C26B-490A-9B5D-E7F50FF477C9}.Debug|Any CPU.Build.0 = Debug|Any CPU
		{4BA842FE-C26B-490A-9B5D-E7F50FF477C9}.Release|Any CPU.ActiveCfg = Release|Any CPU
		{4BA842FE-C26B-490A-9B5D-E7F50FF477C9}.Release|Any CPU.Build.0 = Release|Any CPU
		{9CD7BEC1-D67A-4BF4-8460-0D9DC7991D44}.Debug|Any CPU.ActiveCfg = Debug|Any CPU
		{9CD7BEC1-D67A-4BF4-8460-0D9DC7991D44}.Debug|Any CPU.Build.0 = Debug|Any CPU
		{9CD7BEC1-D67A-4BF4-8460-0D9DC7991D44}.Release|Any CPU.ActiveCfg = Release|Any CPU
		{9CD7BEC1-D67A-4BF4-8460-0D9DC7991D44}.Release|Any CPU.Build.0 = Release|Any CPU
		{44FF134C-0E98-41E1-B573-208BD1348E8B}.Debug|Any CPU.ActiveCfg = Debug|Any CPU
		{44FF134C-0E98-41E1-B573-208BD1348E8B}.Debug|Any CPU.Build.0 = Debug|Any CPU
		{44FF134C-0E98-41E1-B573-208BD1348E8B}.Release|Any CPU.ActiveCfg = Release|Any CPU
		{44FF134C-0E98-41E1-B573-208BD1348E8B}.Release|Any CPU.Build.0 = Release|Any CPU
		{C68CC2A4-7E4E-43A9-93EE-E71A88F05F31}.Debug|Any CPU.ActiveCfg = Debug|Any CPU
		{C68CC2A4-7E4E-43A9-93EE-E71A88F05F31}.Debug|Any CPU.Build.0 = Debug|Any CPU
		{C68CC2A4-7E4E-43A9-93EE-E71A88F05F31}.Release|Any CPU.ActiveCfg = Release|Any CPU
		{C68CC2A4-7E4E-43A9-93EE-E71A88F05F31}.Release|Any CPU.Build.0 = Release|Any CPU
		{6AC122C3-9884-4653-B151-B3AFF479E46D}.Debug|Any CPU.ActiveCfg = Debug|Any CPU
		{6AC122C3-9884-4653-B151-B3AFF479E46D}.Debug|Any CPU.Build.0 = Debug|Any CPU
		{6AC122C3-9884-4653-B151-B3AFF479E46D}.Release|Any CPU.ActiveCfg = Release|Any CPU
		{6AC122C3-9884-4653-B151-B3AFF479E46D}.Release|Any CPU.Build.0 = Release|Any CPU
	EndGlobalSection
	GlobalSection(SolutionProperties) = preSolution
		HideSolutionNode = FALSE
	EndGlobalSection
	GlobalSection(NestedProjects) = preSolution
		{F0FCE6C7-302D-48CF-8636-EC17428619BE} = {280DF270-B924-4289-9A75-F21C709A0A3C}
		{4BA842FE-C26B-490A-9B5D-E7F50FF477C9} = {280DF270-B924-4289-9A75-F21C709A0A3C}
		{9CD7BEC1-D67A-4BF4-8460-0D9DC7991D44} = {280DF270-B924-4289-9A75-F21C709A0A3C}
		{44FF134C-0E98-41E1-B573-208BD1348E8B} = {280DF270-B924-4289-9A75-F21C709A0A3C}
		{C68CC2A4-7E4E-43A9-93EE-E71A88F05F31} = {280DF270-B924-4289-9A75-F21C709A0A3C}
		{6AC122C3-9884-4653-B151-B3AFF479E46D} = {14FF4057-CD60-481A-B600-10CAF2C353C9}
	EndGlobalSection
EndGlobal
